
Microsoft Visual Studio Solution File, Format Version 12.00
# Visual Studio Version 16
VisualStudioVersion = 16.0.29609.76
MinimumVisualStudioVersion = 15.0.26124.0
Project("{9A19103F-16F7-4668-BE54-9A1E7A4F7556}") = "Api.Application", "Api.Application\Api.Application.csproj", "{C8186BA7-7AA6-40A6-B772-7202C3E93F64}"
EndProject
Project("{2150E333-8FDC-42A3-9474-1A3956D46DE8}") = "1. Application", "1. Application", "{9109FA2B-E4DF-4615-A5A6-9B4F7684A007}"
EndProject
Project("{2150E333-8FDC-42A3-9474-1A3956D46DE8}") = "2. Domain", "2. Domain", "{28248F25-631D-465B-A5CC-4E5FF85B827E}"
EndProject
Project("{9A19103F-16F7-4668-BE54-9A1E7A4F7556}") = "Api.Domain", "Api.Domain\Api.Domain.csproj", "{75579361-7CE1-448E-A809-8CB5024CB273}"
EndProject
Project("{2150E333-8FDC-42A3-9474-1A3956D46DE8}") = "4. Data", "4. Data", "{E2241FCE-8F6B-45D3-9ACB-55C593A9C198}"
EndProject
Project("{9A19103F-16F7-4668-BE54-9A1E7A4F7556}") = "Api.Data", "Api.Data\Api.Data.csproj", "{C563CFEB-7F07-47C5-B957-989AF3610C7B}"
EndProject
Project("{2150E333-8FDC-42A3-9474-1A3956D46DE8}") = "3. Services", "3. Services", "{4306D34B-F37B-4ED9-84ED-16A52A65AF38}"
EndProject
Project("{9A19103F-16F7-4668-BE54-9A1E7A4F7556}") = "Api.Services", "Api.Services\Api.Services.csproj", "{C3C92A2A-FACE-4E05-89DB-09BF23A2850F}"
EndProject
Project("{2150E333-8FDC-42A3-9474-1A3956D46DE8}") = "5. CrossCutting", "5. CrossCutting", "{7790EB3D-2773-4541-BA3D-8EA5509D46EE}"
EndProject
Project("{9A19103F-16F7-4668-BE54-9A1E7A4F7556}") = "Api.CrossCutting", "Api.CrossCutting\Api.CrossCutting.csproj", "{072EFC2A-1628-40A6-87C8-6AD4008BD255}"
EndProject
Global
	GlobalSection(SolutionConfigurationPlatforms) = preSolution
		Debug|Any CPU = Debug|Any CPU
		Debug|x64 = Debug|x64
		Debug|x86 = Debug|x86
		Release|Any CPU = Release|Any CPU
		Release|x64 = Release|x64
		Release|x86 = Release|x86
	EndGlobalSection
	GlobalSection(ProjectConfigurationPlatforms) = postSolution
		{C8186BA7-7AA6-40A6-B772-7202C3E93F64}.Debug|Any CPU.ActiveCfg = Debug|Any CPU
		{C8186BA7-7AA6-40A6-B772-7202C3E93F64}.Debug|Any CPU.Build.0 = Debug|Any CPU
		{C8186BA7-7AA6-40A6-B772-7202C3E93F64}.Debug|x64.ActiveCfg = Debug|Any CPU
		{C8186BA7-7AA6-40A6-B772-7202C3E93F64}.Debug|x64.Build.0 = Debug|Any CPU
		{C8186BA7-7AA6-40A6-B772-7202C3E93F64}.Debug|x86.ActiveCfg = Debug|Any CPU
		{C8186BA7-7AA6-40A6-B772-7202C3E93F64}.Debug|x86.Build.0 = Debug|Any CPU
		{C8186BA7-7AA6-40A6-B772-7202C3E93F64}.Release|Any CPU.ActiveCfg = Release|Any CPU
		{C8186BA7-7AA6-40A6-B772-7202C3E93F64}.Release|Any CPU.Build.0 = Release|Any CPU
		{C8186BA7-7AA6-40A6-B772-7202C3E93F64}.Release|x64.ActiveCfg = Release|Any CPU
		{C8186BA7-7AA6-40A6-B772-7202C3E93F64}.Release|x64.Build.0 = Release|Any CPU
		{C8186BA7-7AA6-40A6-B772-7202C3E93F64}.Release|x86.ActiveCfg = Release|Any CPU
		{C8186BA7-7AA6-40A6-B772-7202C3E93F64}.Release|x86.Build.0 = Release|Any CPU
		{75579361-7CE1-448E-A809-8CB5024CB273}.Debug|Any CPU.ActiveCfg = Debug|Any CPU
		{75579361-7CE1-448E-A809-8CB5024CB273}.Debug|Any CPU.Build.0 = Debug|Any CPU
		{75579361-7CE1-448E-A809-8CB5024CB273}.Debug|x64.ActiveCfg = Debug|Any CPU
		{75579361-7CE1-448E-A809-8CB5024CB273}.Debug|x64.Build.0 = Debug|Any CPU
		{75579361-7CE1-448E-A809-8CB5024CB273}.Debug|x86.ActiveCfg = Debug|Any CPU
		{75579361-7CE1-448E-A809-8CB5024CB273}.Debug|x86.Build.0 = Debug|Any CPU
		{75579361-7CE1-448E-A809-8CB5024CB273}.Release|Any CPU.ActiveCfg = Release|Any CPU
		{75579361-7CE1-448E-A809-8CB5024CB273}.Release|Any CPU.Build.0 = Release|Any CPU
		{75579361-7CE1-448E-A809-8CB5024CB273}.Release|x64.ActiveCfg = Release|Any CPU
		{75579361-7CE1-448E-A809-8CB5024CB273}.Release|x64.Build.0 = Release|Any CPU
		{75579361-7CE1-448E-A809-8CB5024CB273}.Release|x86.ActiveCfg = Release|Any CPU
		{75579361-7CE1-448E-A809-8CB5024CB273}.Release|x86.Build.0 = Release|Any CPU
		{C563CFEB-7F07-47C5-B957-989AF3610C7B}.Debug|Any CPU.ActiveCfg = Debug|Any CPU
		{C563CFEB-7F07-47C5-B957-989AF3610C7B}.Debug|Any CPU.Build.0 = Debug|Any CPU
		{C563CFEB-7F07-47C5-B957-989AF3610C7B}.Debug|x64.ActiveCfg = Debug|Any CPU
		{C563CFEB-7F07-47C5-B957-989AF3610C7B}.Debug|x64.Build.0 = Debug|Any CPU
		{C563CFEB-7F07-47C5-B957-989AF3610C7B}.Debug|x86.ActiveCfg = Debug|Any CPU
		{C563CFEB-7F07-47C5-B957-989AF3610C7B}.Debug|x86.Build.0 = Debug|Any CPU
		{C563CFEB-7F07-47C5-B957-989AF3610C7B}.Release|Any CPU.ActiveCfg = Release|Any CPU
		{C563CFEB-7F07-47C5-B957-989AF3610C7B}.Release|Any CPU.Build.0 = Release|Any CPU
		{C563CFEB-7F07-47C5-B957-989AF3610C7B}.Release|x64.ActiveCfg = Release|Any CPU
		{C563CFEB-7F07-47C5-B957-989AF3610C7B}.Release|x64.Build.0 = Release|Any CPU
		{C563CFEB-7F07-47C5-B957-989AF3610C7B}.Release|x86.ActiveCfg = Release|Any CPU
		{C563CFEB-7F07-47C5-B957-989AF3610C7B}.Release|x86.Build.0 = Release|Any CPU
		{C3C92A2A-FACE-4E05-89DB-09BF23A2850F}.Debug|Any CPU.ActiveCfg = Debug|Any CPU
		{C3C92A2A-FACE-4E05-89DB-09BF23A2850F}.Debug|Any CPU.Build.0 = Debug|Any CPU
		{C3C92A2A-FACE-4E05-89DB-09BF23A2850F}.Debug|x64.ActiveCfg = Debug|Any CPU
		{C3C92A2A-FACE-4E05-89DB-09BF23A2850F}.Debug|x64.Build.0 = Debug|Any CPU
		{C3C92A2A-FACE-4E05-89DB-09BF23A2850F}.Debug|x86.ActiveCfg = Debug|Any CPU
		{C3C92A2A-FACE-4E05-89DB-09BF23A2850F}.Debug|x86.Build.0 = Debug|Any CPU
		{C3C92A2A-FACE-4E05-89DB-09BF23A2850F}.Release|Any CPU.ActiveCfg = Release|Any CPU
		{C3C92A2A-FACE-4E05-89DB-09BF23A2850F}.Release|Any CPU.Build.0 = Release|Any CPU
		{C3C92A2A-FACE-4E05-89DB-09BF23A2850F}.Release|x64.ActiveCfg = Release|Any CPU
		{C3C92A2A-FACE-4E05-89DB-09BF23A2850F}.Release|x64.Build.0 = Release|Any CPU
		{C3C92A2A-FACE-4E05-89DB-09BF23A2850F}.Release|x86.ActiveCfg = Release|Any CPU
		{C3C92A2A-FACE-4E05-89DB-09BF23A2850F}.Release|x86.Build.0 = Release|Any CPU
		{072EFC2A-1628-40A6-87C8-6AD4008BD255}.Debug|Any CPU.ActiveCfg = Debug|Any CPU
		{072EFC2A-1628-40A6-87C8-6AD4008BD255}.Debug|Any CPU.Build.0 = Debug|Any CPU
		{072EFC2A-1628-40A6-87C8-6AD4008BD255}.Debug|x64.ActiveCfg = Debug|Any CPU
		{072EFC2A-1628-40A6-87C8-6AD4008BD255}.Debug|x64.Build.0 = Debug|Any CPU
		{072EFC2A-1628-40A6-87C8-6AD4008BD255}.Debug|x86.ActiveCfg = Debug|Any CPU
		{072EFC2A-1628-40A6-87C8-6AD4008BD255}.Debug|x86.Build.0 = Debug|Any CPU
		{072EFC2A-1628-40A6-87C8-6AD4008BD255}.Release|Any CPU.ActiveCfg = Release|Any CPU
		{072EFC2A-1628-40A6-87C8-6AD4008BD255}.Release|Any CPU.Build.0 = Release|Any CPU
		{072EFC2A-1628-40A6-87C8-6AD4008BD255}.Release|x64.ActiveCfg = Release|Any CPU
		{072EFC2A-1628-40A6-87C8-6AD4008BD255}.Release|x64.Build.0 = Release|Any CPU
		{072EFC2A-1628-40A6-87C8-6AD4008BD255}.Release|x86.ActiveCfg = Release|Any CPU
		{072EFC2A-1628-40A6-87C8-6AD4008BD255}.Release|x86.Build.0 = Release|Any CPU
	EndGlobalSection
	GlobalSection(SolutionProperties) = preSolution
		HideSolutionNode = FALSE
	EndGlobalSection
	GlobalSection(NestedProjects) = preSolution
		{C8186BA7-7AA6-40A6-B772-7202C3E93F64} = {9109FA2B-E4DF-4615-A5A6-9B4F7684A007}
		{75579361-7CE1-448E-A809-8CB5024CB273} = {28248F25-631D-465B-A5CC-4E5FF85B827E}
		{C563CFEB-7F07-47C5-B957-989AF3610C7B} = {E2241FCE-8F6B-45D3-9ACB-55C593A9C198}
		{C3C92A2A-FACE-4E05-89DB-09BF23A2850F} = {4306D34B-F37B-4ED9-84ED-16A52A65AF38}
		{072EFC2A-1628-40A6-87C8-6AD4008BD255} = {7790EB3D-2773-4541-BA3D-8EA5509D46EE}
	EndGlobalSection
	GlobalSection(ExtensibilityGlobals) = postSolution
		SolutionGuid = {1564AA0B-2136-4593-8AA3-9FFC8AE436FC}
	EndGlobalSection
EndGlobal
